
Microsoft Visual Studio Solution File, Format Version 12.00
# Visual Studio Version 17
VisualStudioVersion = 17.13.35931.197 d17.13
MinimumVisualStudioVersion = 10.0.40219.1
Project("{FAE04EC0-301F-11D3-BF4B-00C04F79EFBC}") = "Ukukhawuleza_App_2025", "Ukukhawuleza_App_2025\Ukukhawuleza_App_2025.csproj", "{5ABCB255-324F-4CBF-8226-693F4C9D2893}"
EndProject
Global
	GlobalSection(SolutionConfigurationPlatforms) = preSolution
		Debug|Any CPU = Debug|Any CPU
		Release|Any CPU = Release|Any CPU
	EndGlobalSection
	GlobalSection(ProjectConfigurationPlatforms) = postSolution
		{5ABCB255-324F-4CBF-8226-693F4C9D2893}.Debug|Any CPU.ActiveCfg = Debug|Any CPU
		{5ABCB255-324F-4CBF-8226-693F4C9D2893}.Debug|Any CPU.Build.0 = Debug|Any CPU
		{5ABCB255-324F-4CBF-8226-693F4C9D2893}.Release|Any CPU.ActiveCfg = Release|Any CPU
		{5ABCB255-324F-4CBF-8226-693F4C9D2893}.Release|Any CPU.Build.0 = Release|Any CPU
	EndGlobalSection
	GlobalSection(SolutionProperties) = preSolution
		HideSolutionNode = FALSE
	EndGlobalSection
	GlobalSection(ExtensibilityGlobals) = postSolution
		SolutionGuid = {69239025-62A9-4204-B2D8-5362DF17AA9B}
	EndGlobalSection
EndGlobal
